
Microsoft Visual Studio Solution File, Format Version 12.00
# Visual Studio Version 16
VisualStudioVersion = 16.0.32630.194
MinimumVisualStudioVersion = 10.0.40219.1
Project("{FAE04EC0-301F-11D3-BF4B-00C04F79EFBC}") = "day31_01", "day31_01\day31_01.csproj", "{B4559780-D063-492D-BAFB-0F7992740DDA}"
EndProject
Global
	GlobalSection(SolutionConfigurationPlatforms) = preSolution
		Debug|Any CPU = Debug|Any CPU
		Release|Any CPU = Release|Any CPU
	EndGlobalSection
	GlobalSection(ProjectConfigurationPlatforms) = postSolution
		{B4559780-D063-492D-BAFB-0F7992740DDA}.Debug|Any CPU.ActiveCfg = Debug|Any CPU
		{B4559780-D063-492D-BAFB-0F7992740DDA}.Debug|Any CPU.Build.0 = Debug|Any CPU
		{B4559780-D063-492D-BAFB-0F7992740DDA}.Release|Any CPU.ActiveCfg = Release|Any CPU
		{B4559780-D063-492D-BAFB-0F7992740DDA}.Release|Any CPU.Build.0 = Release|Any CPU
	EndGlobalSection
	GlobalSection(SolutionProperties) = preSolution
		HideSolutionNode = FALSE
	EndGlobalSection
	GlobalSection(ExtensibilityGlobals) = postSolution
		SolutionGuid = {34548F8B-36EA-4D6A-8DB0-0E1BF025DDED}
	EndGlobalSection
EndGlobal
